
Microsoft Visual Studio Solution File, Format Version 12.00
# Visual Studio Version 17
VisualStudioVersion = 17.4.33213.308
MinimumVisualStudioVersion = 10.0.40219.1
Project("{FAE04EC0-301F-11D3-BF4B-00C04F79EFBC}") = "3.beadandó(Windows)", "3.beadandó(Windows).csproj", "{4E0F3EBA-112E-4D84-93A4-DEF90C10D5ED}"
EndProject
Global
	GlobalSection(SolutionConfigurationPlatforms) = preSolution
		Debug|Any CPU = Debug|Any CPU
		Release|Any CPU = Release|Any CPU
	EndGlobalSection
	GlobalSection(ProjectConfigurationPlatforms) = postSolution
		{4E0F3EBA-112E-4D84-93A4-DEF90C10D5ED}.Debug|Any CPU.ActiveCfg = Debug|Any CPU
		{4E0F3EBA-112E-4D84-93A4-DEF90C10D5ED}.Debug|Any CPU.Build.0 = Debug|Any CPU
		{4E0F3EBA-112E-4D84-93A4-DEF90C10D5ED}.Release|Any CPU.ActiveCfg = Release|Any CPU
		{4E0F3EBA-112E-4D84-93A4-DEF90C10D5ED}.Release|Any CPU.Build.0 = Release|Any CPU
	EndGlobalSection
	GlobalSection(SolutionProperties) = preSolution
		HideSolutionNode = FALSE
	EndGlobalSection
	GlobalSection(ExtensibilityGlobals) = postSolution
		SolutionGuid = {1767AC70-7C9A-4F41-99B4-BCB91D6F50CC}
	EndGlobalSection
EndGlobal
